
Microsoft Visual Studio Solution File, Format Version 12.00
# Visual Studio 2012
Project("{8BC9CEB8-8B4A-11D0-8D11-00A0C91BC942}") = "RandomNumberGenerator", "RandomNumberGenerator\RandomNumberGenerator.vcxproj", "{369EFAF3-6870-42D3-8EB2-328E90713770}"
EndProject
Global
	GlobalSection(SolutionConfigurationPlatforms) = preSolution
		Debug|Win32 = Debug|Win32
		Release|Win32 = Release|Win32
	EndGlobalSection
	GlobalSection(ProjectConfigurationPlatforms) = postSolution
		{369EFAF3-6870-42D3-8EB2-328E90713770}.Debug|Win32.ActiveCfg = Debug|Win32
		{369EFAF3-6870-42D3-8EB2-328E90713770}.Debug|Win32.Build.0 = Debug|Win32
		{369EFAF3-6870-42D3-8EB2-328E90713770}.Release|Win32.ActiveCfg = Release|Win32
		{369EFAF3-6870-42D3-8EB2-328E90713770}.Release|Win32.Build.0 = Release|Win32
	EndGlobalSection
	GlobalSection(SolutionProperties) = preSolution
		HideSolutionNode = FALSE
	EndGlobalSection
EndGlobal
